
Microsoft Visual Studio Solution File, Format Version 12.00
# Visual Studio Version 17
VisualStudioVersion = 17.1.32319.34
MinimumVisualStudioVersion = 10.0.40219.1
Project("{9A19103F-16F7-4668-BE54-9A1E7A4F7556}") = "SingleLevelInheritance", "SingleLevelInheritance.csproj", "{24F38D16-9D4A-4146-9C92-18AD8C520052}"
EndProject
Global
	GlobalSection(SolutionConfigurationPlatforms) = preSolution
		Debug|Any CPU = Debug|Any CPU
		Release|Any CPU = Release|Any CPU
	EndGlobalSection
	GlobalSection(ProjectConfigurationPlatforms) = postSolution
		{24F38D16-9D4A-4146-9C92-18AD8C520052}.Debug|Any CPU.ActiveCfg = Debug|Any CPU
		{24F38D16-9D4A-4146-9C92-18AD8C520052}.Debug|Any CPU.Build.0 = Debug|Any CPU
		{24F38D16-9D4A-4146-9C92-18AD8C520052}.Release|Any CPU.ActiveCfg = Release|Any CPU
		{24F38D16-9D4A-4146-9C92-18AD8C520052}.Release|Any CPU.Build.0 = Release|Any CPU
	EndGlobalSection
	GlobalSection(SolutionProperties) = preSolution
		HideSolutionNode = FALSE
	EndGlobalSection
	GlobalSection(ExtensibilityGlobals) = postSolution
		SolutionGuid = {FA3AEF11-ABCD-4F9D-BB64-880E05153AFD}
	EndGlobalSection
EndGlobal
