
Microsoft Visual Studio Solution File, Format Version 12.00
# Visual Studio Version 17
VisualStudioVersion = 17.1.32319.34
MinimumVisualStudioVersion = 10.0.40219.1
Project("{FAE04EC0-301F-11D3-BF4B-00C04F79EFBC}") = "IndexersExample", "IndexersExample.csproj", "{5B42AE48-AF90-44D9-80B4-31B679ECB9B1}"
EndProject
Global
	GlobalSection(SolutionConfigurationPlatforms) = preSolution
		Debug|Any CPU = Debug|Any CPU
		Release|Any CPU = Release|Any CPU
	EndGlobalSection
	GlobalSection(ProjectConfigurationPlatforms) = postSolution
		{5B42AE48-AF90-44D9-80B4-31B679ECB9B1}.Debug|Any CPU.ActiveCfg = Debug|Any CPU
		{5B42AE48-AF90-44D9-80B4-31B679ECB9B1}.Debug|Any CPU.Build.0 = Debug|Any CPU
		{5B42AE48-AF90-44D9-80B4-31B679ECB9B1}.Release|Any CPU.ActiveCfg = Release|Any CPU
		{5B42AE48-AF90-44D9-80B4-31B679ECB9B1}.Release|Any CPU.Build.0 = Release|Any CPU
	EndGlobalSection
	GlobalSection(SolutionProperties) = preSolution
		HideSolutionNode = FALSE
	EndGlobalSection
	GlobalSection(ExtensibilityGlobals) = postSolution
		SolutionGuid = {F93E2B2D-8449-4884-A399-4099AD437E1A}
	EndGlobalSection
EndGlobal
