
Microsoft Visual Studio Solution File, Format Version 12.00
# Visual Studio Version 17
VisualStudioVersion = 17.1.32319.34
MinimumVisualStudioVersion = 10.0.40219.1
Project("{FAE04EC0-301F-11D3-BF4B-00C04F79EFBC}") = "MethodOverloading_Ex", "MethodOverloading_Ex.csproj", "{AC511822-F9FB-4F3F-955A-3A1F7171E3CA}"
EndProject
Global
	GlobalSection(SolutionConfigurationPlatforms) = preSolution
		Debug|Any CPU = Debug|Any CPU
		Release|Any CPU = Release|Any CPU
	EndGlobalSection
	GlobalSection(ProjectConfigurationPlatforms) = postSolution
		{AC511822-F9FB-4F3F-955A-3A1F7171E3CA}.Debug|Any CPU.ActiveCfg = Debug|Any CPU
		{AC511822-F9FB-4F3F-955A-3A1F7171E3CA}.Debug|Any CPU.Build.0 = Debug|Any CPU
		{AC511822-F9FB-4F3F-955A-3A1F7171E3CA}.Release|Any CPU.ActiveCfg = Release|Any CPU
		{AC511822-F9FB-4F3F-955A-3A1F7171E3CA}.Release|Any CPU.Build.0 = Release|Any CPU
	EndGlobalSection
	GlobalSection(SolutionProperties) = preSolution
		HideSolutionNode = FALSE
	EndGlobalSection
	GlobalSection(ExtensibilityGlobals) = postSolution
		SolutionGuid = {E3EA223D-FA23-4093-BA44-5BEA422B7409}
	EndGlobalSection
EndGlobal
